
Microsoft Visual Studio Solution File, Format Version 12.00
# Visual Studio Version 16
VisualStudioVersion = 16.0.32630.194
MinimumVisualStudioVersion = 10.0.40219.1
Project("{FAE04EC0-301F-11D3-BF4B-00C04F79EFBC}") = "TDD_Api", "TDD_Api.csproj", "{D3DF620C-3E6C-4B5D-9E46-CD82B01C638F}"
EndProject
Project("{FAE04EC0-301F-11D3-BF4B-00C04F79EFBC}") = "TDD_Api.Tests", "..\TDD_Api.Tests\TDD_Api.Tests.csproj", "{EA85916A-3497-4EFF-AE81-A1210AABFC8C}"
EndProject
Project("{FAE04EC0-301F-11D3-BF4B-00C04F79EFBC}") = "FoursqureService", "..\FoursqureService\FoursqureService.csproj", "{6267B76F-3AA5-48C9-80D6-2E4EB8E8D298}"
EndProject
Global
	GlobalSection(SolutionConfigurationPlatforms) = preSolution
		Debug|Any CPU = Debug|Any CPU
		Release|Any CPU = Release|Any CPU
	EndGlobalSection
	GlobalSection(ProjectConfigurationPlatforms) = postSolution
		{D3DF620C-3E6C-4B5D-9E46-CD82B01C638F}.Debug|Any CPU.ActiveCfg = Debug|Any CPU
		{D3DF620C-3E6C-4B5D-9E46-CD82B01C638F}.Debug|Any CPU.Build.0 = Debug|Any CPU
		{D3DF620C-3E6C-4B5D-9E46-CD82B01C638F}.Release|Any CPU.ActiveCfg = Release|Any CPU
		{D3DF620C-3E6C-4B5D-9E46-CD82B01C638F}.Release|Any CPU.Build.0 = Release|Any CPU
		{EA85916A-3497-4EFF-AE81-A1210AABFC8C}.Debug|Any CPU.ActiveCfg = Debug|Any CPU
		{EA85916A-3497-4EFF-AE81-A1210AABFC8C}.Debug|Any CPU.Build.0 = Debug|Any CPU
		{EA85916A-3497-4EFF-AE81-A1210AABFC8C}.Release|Any CPU.ActiveCfg = Release|Any CPU
		{EA85916A-3497-4EFF-AE81-A1210AABFC8C}.Release|Any CPU.Build.0 = Release|Any CPU
		{6267B76F-3AA5-48C9-80D6-2E4EB8E8D298}.Debug|Any CPU.ActiveCfg = Debug|Any CPU
		{6267B76F-3AA5-48C9-80D6-2E4EB8E8D298}.Debug|Any CPU.Build.0 = Debug|Any CPU
		{6267B76F-3AA5-48C9-80D6-2E4EB8E8D298}.Release|Any CPU.ActiveCfg = Release|Any CPU
		{6267B76F-3AA5-48C9-80D6-2E4EB8E8D298}.Release|Any CPU.Build.0 = Release|Any CPU
	EndGlobalSection
	GlobalSection(SolutionProperties) = preSolution
		HideSolutionNode = FALSE
	EndGlobalSection
	GlobalSection(ExtensibilityGlobals) = postSolution
		SolutionGuid = {C5E39193-EDE8-4F33-825B-9ACEDD352F02}
	EndGlobalSection
EndGlobal
